
Microsoft Visual Studio Solution File, Format Version 12.00
# Visual Studio Version 17
VisualStudioVersion = 17.9.34728.123
MinimumVisualStudioVersion = 10.0.40219.1
Project("{FAE04EC0-301F-11D3-BF4B-00C04F79EFBC}") = "Shop.Api", "Shop.Api\Shop.Api.csproj", "{765D429B-6558-4C9E-A2BB-6C4EA7F19527}"
EndProject
Project("{2150E333-8FDC-42A3-9474-1A3956D46DE8}") = "Data", "Data", "{7ACAF0B0-7553-440B-923A-B82D6CD27FED}"
EndProject
Project("{FAE04EC0-301F-11D3-BF4B-00C04F79EFBC}") = "Shop.Data", "Shop.Data\Shop.Data.csproj", "{1D69B4A4-C7C6-415E-8717-5B72F34D0D84}"
EndProject
Project("{FAE04EC0-301F-11D3-BF4B-00C04F79EFBC}") = "Shop.Data.Entities", "Shop.Data.Entities\Shop.Data.Entities.csproj", "{6B71E8C8-8569-4C7F-999B-B387CEF6AD4B}"
EndProject
Project("{2150E333-8FDC-42A3-9474-1A3956D46DE8}") = "Client", "Client", "{0328FA28-E27E-40F8-BB56-2137669DE216}"
EndProject
Project("{FAE04EC0-301F-11D3-BF4B-00C04F79EFBC}") = "Data.Repositories", "Data.Repositories\Data.Repositories.csproj", "{AA11CDBE-A730-4563-A2E1-E020C69DA7E7}"
EndProject
Project("{2150E333-8FDC-42A3-9474-1A3956D46DE8}") = "Services", "Services", "{DD584D2B-46FF-4949-A7D7-23B5E0199BAD}"
EndProject
Project("{FAE04EC0-301F-11D3-BF4B-00C04F79EFBC}") = "Shop.Services", "Shop.Services\Shop.Services.csproj", "{BBE44C14-2B1A-4B4C-ADAF-B4226982163F}"
EndProject
Project("{FAE04EC0-301F-11D3-BF4B-00C04F79EFBC}") = "Shop.Services.Dto", "Shop.Services.Dto\Shop.Services.Dto.csproj", "{CED726C9-CEE2-4E65-8C19-29D22D19A921}"
EndProject
Global
	GlobalSection(SolutionConfigurationPlatforms) = preSolution
		Debug|Any CPU = Debug|Any CPU
		Release|Any CPU = Release|Any CPU
	EndGlobalSection
	GlobalSection(ProjectConfigurationPlatforms) = postSolution
		{765D429B-6558-4C9E-A2BB-6C4EA7F19527}.Debug|Any CPU.ActiveCfg = Debug|Any CPU
		{765D429B-6558-4C9E-A2BB-6C4EA7F19527}.Debug|Any CPU.Build.0 = Debug|Any CPU
		{765D429B-6558-4C9E-A2BB-6C4EA7F19527}.Release|Any CPU.ActiveCfg = Release|Any CPU
		{765D429B-6558-4C9E-A2BB-6C4EA7F19527}.Release|Any CPU.Build.0 = Release|Any CPU
		{1D69B4A4-C7C6-415E-8717-5B72F34D0D84}.Debug|Any CPU.ActiveCfg = Debug|Any CPU
		{1D69B4A4-C7C6-415E-8717-5B72F34D0D84}.Debug|Any CPU.Build.0 = Debug|Any CPU
		{1D69B4A4-C7C6-415E-8717-5B72F34D0D84}.Release|Any CPU.ActiveCfg = Release|Any CPU
		{1D69B4A4-C7C6-415E-8717-5B72F34D0D84}.Release|Any CPU.Build.0 = Release|Any CPU
		{6B71E8C8-8569-4C7F-999B-B387CEF6AD4B}.Debug|Any CPU.ActiveCfg = Debug|Any CPU
		{6B71E8C8-8569-4C7F-999B-B387CEF6AD4B}.Debug|Any CPU.Build.0 = Debug|Any CPU
		{6B71E8C8-8569-4C7F-999B-B387CEF6AD4B}.Release|Any CPU.ActiveCfg = Release|Any CPU
		{6B71E8C8-8569-4C7F-999B-B387CEF6AD4B}.Release|Any CPU.Build.0 = Release|Any CPU
		{AA11CDBE-A730-4563-A2E1-E020C69DA7E7}.Debug|Any CPU.ActiveCfg = Debug|Any CPU
		{AA11CDBE-A730-4563-A2E1-E020C69DA7E7}.Debug|Any CPU.Build.0 = Debug|Any CPU
		{AA11CDBE-A730-4563-A2E1-E020C69DA7E7}.Release|Any CPU.ActiveCfg = Release|Any CPU
		{AA11CDBE-A730-4563-A2E1-E020C69DA7E7}.Release|Any CPU.Build.0 = Release|Any CPU
		{BBE44C14-2B1A-4B4C-ADAF-B4226982163F}.Debug|Any CPU.ActiveCfg = Debug|Any CPU
		{BBE44C14-2B1A-4B4C-ADAF-B4226982163F}.Debug|Any CPU.Build.0 = Debug|Any CPU
		{BBE44C14-2B1A-4B4C-ADAF-B4226982163F}.Release|Any CPU.ActiveCfg = Release|Any CPU
		{BBE44C14-2B1A-4B4C-ADAF-B4226982163F}.Release|Any CPU.Build.0 = Release|Any CPU
		{CED726C9-CEE2-4E65-8C19-29D22D19A921}.Debug|Any CPU.ActiveCfg = Debug|Any CPU
		{CED726C9-CEE2-4E65-8C19-29D22D19A921}.Debug|Any CPU.Build.0 = Debug|Any CPU
		{CED726C9-CEE2-4E65-8C19-29D22D19A921}.Release|Any CPU.ActiveCfg = Release|Any CPU
		{CED726C9-CEE2-4E65-8C19-29D22D19A921}.Release|Any CPU.Build.0 = Release|Any CPU
	EndGlobalSection
	GlobalSection(SolutionProperties) = preSolution
		HideSolutionNode = FALSE
	EndGlobalSection
	GlobalSection(NestedProjects) = preSolution
		{765D429B-6558-4C9E-A2BB-6C4EA7F19527} = {0328FA28-E27E-40F8-BB56-2137669DE216}
		{1D69B4A4-C7C6-415E-8717-5B72F34D0D84} = {7ACAF0B0-7553-440B-923A-B82D6CD27FED}
		{6B71E8C8-8569-4C7F-999B-B387CEF6AD4B} = {7ACAF0B0-7553-440B-923A-B82D6CD27FED}
		{AA11CDBE-A730-4563-A2E1-E020C69DA7E7} = {7ACAF0B0-7553-440B-923A-B82D6CD27FED}
		{BBE44C14-2B1A-4B4C-ADAF-B4226982163F} = {DD584D2B-46FF-4949-A7D7-23B5E0199BAD}
		{CED726C9-CEE2-4E65-8C19-29D22D19A921} = {DD584D2B-46FF-4949-A7D7-23B5E0199BAD}
	EndGlobalSection
	GlobalSection(ExtensibilityGlobals) = postSolution
		SolutionGuid = {B42CED72-87DF-40B4-8D6D-A6F9E5136EE9}
	EndGlobalSection
EndGlobal
